
Microsoft Visual Studio Solution File, Format Version 12.00
# Visual Studio Version 16
VisualStudioVersion = 16.0.28803.452
MinimumVisualStudioVersion = 10.0.40219.1
Project("{FAE04EC0-301F-11D3-BF4B-00C04F79EFBC}") = "4. SocialMedia", "SocialMedia\4. SocialMedia.csproj", "{DE73E4A8-688A-4564-AF13-5ECA59A74546}"
EndProject
Project("{FAE04EC0-301F-11D3-BF4B-00C04F79EFBC}") = "1.Entity", "Domain\1.Entity.csproj", "{2DA135E3-A3BC-4996-BAF2-11C811C0AE5D}"
EndProject
Project("{FAE04EC0-301F-11D3-BF4B-00C04F79EFBC}") = "3.Business", "Business\3.Business.csproj", "{5FA1F9D8-AD1A-48C0-9792-5C31547A3540}"
EndProject
Project("{FAE04EC0-301F-11D3-BF4B-00C04F79EFBC}") = "2.Repository", "Repository\2.Repository.csproj", "{7F7E6A3C-EF26-45DB-ACB4-E3729DDBB022}"
EndProject
Project("{FAE04EC0-301F-11D3-BF4B-00C04F79EFBC}") = "ConsoleApp1", "ConsoleApp1\ConsoleApp1.csproj", "{A05F3C53-96C2-46B7-999C-0500B54C2B12}"
EndProject
Global
	GlobalSection(SolutionConfigurationPlatforms) = preSolution
		Debug|Any CPU = Debug|Any CPU
		Release|Any CPU = Release|Any CPU
	EndGlobalSection
	GlobalSection(ProjectConfigurationPlatforms) = postSolution
		{DE73E4A8-688A-4564-AF13-5ECA59A74546}.Debug|Any CPU.ActiveCfg = Debug|Any CPU
		{DE73E4A8-688A-4564-AF13-5ECA59A74546}.Debug|Any CPU.Build.0 = Debug|Any CPU
		{DE73E4A8-688A-4564-AF13-5ECA59A74546}.Release|Any CPU.ActiveCfg = Release|Any CPU
		{DE73E4A8-688A-4564-AF13-5ECA59A74546}.Release|Any CPU.Build.0 = Release|Any CPU
		{2DA135E3-A3BC-4996-BAF2-11C811C0AE5D}.Debug|Any CPU.ActiveCfg = Debug|Any CPU
		{2DA135E3-A3BC-4996-BAF2-11C811C0AE5D}.Debug|Any CPU.Build.0 = Debug|Any CPU
		{2DA135E3-A3BC-4996-BAF2-11C811C0AE5D}.Release|Any CPU.ActiveCfg = Release|Any CPU
		{2DA135E3-A3BC-4996-BAF2-11C811C0AE5D}.Release|Any CPU.Build.0 = Release|Any CPU
		{5FA1F9D8-AD1A-48C0-9792-5C31547A3540}.Debug|Any CPU.ActiveCfg = Debug|Any CPU
		{5FA1F9D8-AD1A-48C0-9792-5C31547A3540}.Debug|Any CPU.Build.0 = Debug|Any CPU
		{5FA1F9D8-AD1A-48C0-9792-5C31547A3540}.Release|Any CPU.ActiveCfg = Release|Any CPU
		{5FA1F9D8-AD1A-48C0-9792-5C31547A3540}.Release|Any CPU.Build.0 = Release|Any CPU
		{7F7E6A3C-EF26-45DB-ACB4-E3729DDBB022}.Debug|Any CPU.ActiveCfg = Debug|Any CPU
		{7F7E6A3C-EF26-45DB-ACB4-E3729DDBB022}.Debug|Any CPU.Build.0 = Debug|Any CPU
		{7F7E6A3C-EF26-45DB-ACB4-E3729DDBB022}.Release|Any CPU.ActiveCfg = Release|Any CPU
		{7F7E6A3C-EF26-45DB-ACB4-E3729DDBB022}.Release|Any CPU.Build.0 = Release|Any CPU
		{A05F3C53-96C2-46B7-999C-0500B54C2B12}.Debug|Any CPU.ActiveCfg = Debug|Any CPU
		{A05F3C53-96C2-46B7-999C-0500B54C2B12}.Debug|Any CPU.Build.0 = Debug|Any CPU
		{A05F3C53-96C2-46B7-999C-0500B54C2B12}.Release|Any CPU.ActiveCfg = Release|Any CPU
		{A05F3C53-96C2-46B7-999C-0500B54C2B12}.Release|Any CPU.Build.0 = Release|Any CPU
	EndGlobalSection
	GlobalSection(SolutionProperties) = preSolution
		HideSolutionNode = FALSE
	EndGlobalSection
	GlobalSection(ExtensibilityGlobals) = postSolution
		SolutionGuid = {1655EEA9-3DB2-4743-B0F0-16245FF267A9}
	EndGlobalSection
EndGlobal
