
Microsoft Visual Studio Solution File, Format Version 12.00
# Visual Studio Version 16
VisualStudioVersion = 16.0.28803.452
MinimumVisualStudioVersion = 10.0.40219.1
Project("{9A19103F-16F7-4668-BE54-9A1E7A4F7556}") = "ConsoleApp1", "ConsoleApp1\ConsoleApp1.csproj", "{A05F3C53-96C2-46B7-999C-0500B54C2B12}"
EndProject
Project("{9A19103F-16F7-4668-BE54-9A1E7A4F7556}") = "01.NewEntity", "NewEntity\01.NewEntity.csproj", "{A6A31270-E9B3-442B-B310-9EF92159A05A}"
EndProject
Project("{9A19103F-16F7-4668-BE54-9A1E7A4F7556}") = "03.NewBusiness", "03.NewBusiness\03.NewBusiness.csproj", "{2C1ACEC0-F344-447F-BEB1-BAA1A1DBDB5B}"
EndProject
Project("{9A19103F-16F7-4668-BE54-9A1E7A4F7556}") = "02.NewRepository", "03.NewRepository\02.NewRepository.csproj", "{0F6BF025-292A-4F4D-9370-11B63BC75B5B}"
EndProject
Global
	GlobalSection(SolutionConfigurationPlatforms) = preSolution
		Debug|Any CPU = Debug|Any CPU
		Release|Any CPU = Release|Any CPU
	EndGlobalSection
	GlobalSection(ProjectConfigurationPlatforms) = postSolution
		{A05F3C53-96C2-46B7-999C-0500B54C2B12}.Debug|Any CPU.ActiveCfg = Debug|Any CPU
		{A05F3C53-96C2-46B7-999C-0500B54C2B12}.Debug|Any CPU.Build.0 = Debug|Any CPU
		{A05F3C53-96C2-46B7-999C-0500B54C2B12}.Release|Any CPU.ActiveCfg = Release|Any CPU
		{A05F3C53-96C2-46B7-999C-0500B54C2B12}.Release|Any CPU.Build.0 = Release|Any CPU
		{A6A31270-E9B3-442B-B310-9EF92159A05A}.Debug|Any CPU.ActiveCfg = Debug|Any CPU
		{A6A31270-E9B3-442B-B310-9EF92159A05A}.Debug|Any CPU.Build.0 = Debug|Any CPU
		{A6A31270-E9B3-442B-B310-9EF92159A05A}.Release|Any CPU.ActiveCfg = Release|Any CPU
		{A6A31270-E9B3-442B-B310-9EF92159A05A}.Release|Any CPU.Build.0 = Release|Any CPU
		{2C1ACEC0-F344-447F-BEB1-BAA1A1DBDB5B}.Debug|Any CPU.ActiveCfg = Debug|Any CPU
		{2C1ACEC0-F344-447F-BEB1-BAA1A1DBDB5B}.Debug|Any CPU.Build.0 = Debug|Any CPU
		{2C1ACEC0-F344-447F-BEB1-BAA1A1DBDB5B}.Release|Any CPU.ActiveCfg = Release|Any CPU
		{2C1ACEC0-F344-447F-BEB1-BAA1A1DBDB5B}.Release|Any CPU.Build.0 = Release|Any CPU
		{0F6BF025-292A-4F4D-9370-11B63BC75B5B}.Debug|Any CPU.ActiveCfg = Debug|Any CPU
		{0F6BF025-292A-4F4D-9370-11B63BC75B5B}.Debug|Any CPU.Build.0 = Debug|Any CPU
		{0F6BF025-292A-4F4D-9370-11B63BC75B5B}.Release|Any CPU.ActiveCfg = Release|Any CPU
		{0F6BF025-292A-4F4D-9370-11B63BC75B5B}.Release|Any CPU.Build.0 = Release|Any CPU
	EndGlobalSection
	GlobalSection(SolutionProperties) = preSolution
		HideSolutionNode = FALSE
	EndGlobalSection
	GlobalSection(ExtensibilityGlobals) = postSolution
		SolutionGuid = {1655EEA9-3DB2-4743-B0F0-16245FF267A9}
	EndGlobalSection
EndGlobal
